
Microsoft Visual Studio Solution File, Format Version 12.00
# Visual Studio 15
VisualStudioVersion = 15.0.28307.1972
MinimumVisualStudioVersion = 10.0.40219.1
Project("{FAE04EC0-301F-11D3-BF4B-00C04F79EFBC}") = "CustomerManagementSystem", "CustomerManagementSystem\CustomerManagementSystem.csproj", "{334171DD-DC6D-4D1D-893C-071F07578EA5}"
EndProject
Global
	GlobalSection(SolutionConfigurationPlatforms) = preSolution
		Debug|Any CPU = Debug|Any CPU
		Release|Any CPU = Release|Any CPU
	EndGlobalSection
	GlobalSection(ProjectConfigurationPlatforms) = postSolution
		{334171DD-DC6D-4D1D-893C-071F07578EA5}.Debug|Any CPU.ActiveCfg = Debug|Any CPU
		{334171DD-DC6D-4D1D-893C-071F07578EA5}.Debug|Any CPU.Build.0 = Debug|Any CPU
		{334171DD-DC6D-4D1D-893C-071F07578EA5}.Release|Any CPU.ActiveCfg = Release|Any CPU
		{334171DD-DC6D-4D1D-893C-071F07578EA5}.Release|Any CPU.Build.0 = Release|Any CPU
	EndGlobalSection
	GlobalSection(SolutionProperties) = preSolution
		HideSolutionNode = FALSE
	EndGlobalSection
	GlobalSection(ExtensibilityGlobals) = postSolution
		SolutionGuid = {5FF01339-2F06-445F-B109-7B092CA7B1C0}
	EndGlobalSection
EndGlobal
